
Microsoft Visual Studio Solution File, Format Version 12.00
# Visual Studio Version 16
VisualStudioVersion = 16.0.32901.82
MinimumVisualStudioVersion = 10.0.40219.1
Project("{FAE04EC0-301F-11D3-BF4B-00C04F79EFBC}") = "Calculate", "Calculate\Calculate.csproj", "{22C419B5-F878-40D1-AA65-55F7FFDAD8FD}"
EndProject
Project("{FAE04EC0-301F-11D3-BF4B-00C04F79EFBC}") = "Services", "Services\Services.csproj", "{95631A37-A13B-4CD6-BF4B-2B26E36CA360}"
EndProject
Global
	GlobalSection(SolutionConfigurationPlatforms) = preSolution
		Debug|Any CPU = Debug|Any CPU
		Release|Any CPU = Release|Any CPU
	EndGlobalSection
	GlobalSection(ProjectConfigurationPlatforms) = postSolution
		{22C419B5-F878-40D1-AA65-55F7FFDAD8FD}.Debug|Any CPU.ActiveCfg = Debug|Any CPU
		{22C419B5-F878-40D1-AA65-55F7FFDAD8FD}.Debug|Any CPU.Build.0 = Debug|Any CPU
		{22C419B5-F878-40D1-AA65-55F7FFDAD8FD}.Release|Any CPU.ActiveCfg = Release|Any CPU
		{22C419B5-F878-40D1-AA65-55F7FFDAD8FD}.Release|Any CPU.Build.0 = Release|Any CPU
		{95631A37-A13B-4CD6-BF4B-2B26E36CA360}.Debug|Any CPU.ActiveCfg = Debug|Any CPU
		{95631A37-A13B-4CD6-BF4B-2B26E36CA360}.Debug|Any CPU.Build.0 = Debug|Any CPU
		{95631A37-A13B-4CD6-BF4B-2B26E36CA360}.Release|Any CPU.ActiveCfg = Release|Any CPU
		{95631A37-A13B-4CD6-BF4B-2B26E36CA360}.Release|Any CPU.Build.0 = Release|Any CPU
	EndGlobalSection
	GlobalSection(SolutionProperties) = preSolution
		HideSolutionNode = FALSE
	EndGlobalSection
	GlobalSection(ExtensibilityGlobals) = postSolution
		SolutionGuid = {F4146C3C-3885-4850-8190-B820485B7BC0}
	EndGlobalSection
EndGlobal
